// !$*UTF8*$!
{
	archiveVersion = 1;
	classes = {
	};
	objectVersion = 77;
	objects = {

/* Begin PBXContainerItemProxy section */
		D9BADB492CDCE6FA00A57A27 /* PBXContainerItemProxy */ = {
			isa = PBXContainerItemProxy;
			containerPortal = D9BADB252CDCE6F800A57A27 /* Project object */;
			proxyType = 1;
			remoteGlobalIDString = D9BADB2C2CDCE6F800A57A27;
			remoteInfo = ScreenGuard;
		};
		D9BADB532CDCE6FA00A57A27 /* PBXContainerItemProxy */ = {
			isa = PBXContainerItemProxy;
			containerPortal = D9BADB252CDCE6F800A57A27 /* Project object */;
			proxyType = 1;
			remoteGlobalIDString = D9BADB2C2CDCE6F800A57A27;
			remoteInfo = ScreenGuard;
		};
/* End PBXContainerItemProxy section */

/* Begin PBXFileReference section */
		D9BADB2D2CDCE6F800A57A27 /* ScreenGuard.app */ = {isa = PBXFileReference; explicitFileType = wrapper.application; includeInIndex = 0; path = ScreenGuard.app; sourceTree = BUILT_PRODUCTS_DIR; };
		D9BADB482CDCE6FA00A57A27 /* ScreenGuardTests.xctest */ = {isa = PBXFileReference; explicitFileType = wrapper.cfbundle; includeInIndex = 0; path = ScreenGuardTests.xctest; sourceTree = BUILT_PRODUCTS_DIR; };
		D9BADB522CDCE6FA00A57A27 /* ScreenGuardUITests.xctest */ = {isa = PBXFileReference; explicitFileType = wrapper.cfbundle; includeInIndex = 0; path = ScreenGuardUITests.xctest; sourceTree = BUILT_PRODUCTS_DIR; };
/* End PBXFileReference section */

/* Begin PBXFileSystemSynchronizedBuildFileExceptionSet section */
		D9BADB5A2CDCE6FA00A57A27 /* Exceptions for "ScreenGuard" folder in "ScreenGuard" target */ = {
			isa = PBXFileSystemSynchronizedBuildFileExceptionSet;
			membershipExceptions = (
				Info.plist,
			);
			target = D9BADB2C2CDCE6F800A57A27 /* ScreenGuard */;
		};
/* End PBXFileSystemSynchronizedBuildFileExceptionSet section */

/* Begin PBXFileSystemSynchronizedRootGroup section */
		D9BADB2F2CDCE6F800A57A27 /* ScreenGuard */ = {
			isa = PBXFileSystemSynchronizedRootGroup;
			exceptions = (
				D9BADB5A2CDCE6FA00A57A27 /* Exceptions for "ScreenGuard" folder in "ScreenGuard" target */,
			);
			path = ScreenGuard;
			sourceTree = "<group>";
		};
		D9BADB4B2CDCE6FA00A57A27 /* ScreenGuardTests */ = {
			isa = PBXFileSystemSynchronizedRootGroup;
			path = ScreenGuardTests;
			sourceTree = "<group>";
		};
		D9BADB552CDCE6FA00A57A27 /* ScreenGuardUITests */ = {
			isa = PBXFileSystemSynchronizedRootGroup;
			path = ScreenGuardUITests;
			sourceTree = "<group>";
		};
/* End PBXFileSystemSynchronizedRootGroup section */

/* Begin PBXFrameworksBuildPhase section */
		D9BADB2A2CDCE6F800A57A27 /* Frameworks */ = {
			isa = PBXFrameworksBuildPhase;
			buildActionMask = 2147483647;
			files = (
			);
			runOnlyForDeploymentPostprocessing = 0;
		};
		D9BADB452CDCE6FA00A57A27 /* Frameworks */ = {
			isa = PBXFrameworksBuildPhase;
			buildActionMask = 2147483647;
			files = (
			);
			runOnlyForDeploymentPostprocessing = 0;
		};
		D9BADB4F2CDCE6FA00A57A27 /* Frameworks */ = {
			isa = PBXFrameworksBuildPhase;
			buildActionMask = 2147483647;
			files = (
			);
			runOnlyForDeploymentPostprocessing = 0;
		};
/* End PBXFrameworksBuildPhase section */

/* Begin PBXGroup section */
		D9BADB242CDCE6F800A57A27 = {
			isa = PBXGroup;
			children = (
				D9BADB2F2CDCE6F800A57A27 /* ScreenGuard */,
				D9BADB4B2CDCE6FA00A57A27 /* ScreenGuardTests */,
				D9BADB552CDCE6FA00A57A27 /* ScreenGuardUITests */,
				D9BADB2E2CDCE6F800A57A27 /* Products */,
			);
			sourceTree = "<group>";
		};
		D9BADB2E2CDCE6F800A57A27 /* Products */ = {
			isa = PBXGroup;
			children = (
				D9BADB2D2CDCE6F800A57A27 /* ScreenGuard.app */,
				D9BADB482CDCE6FA00A57A27 /* ScreenGuardTests.xctest */,
				D9BADB522CDCE6FA00A57A27 /* ScreenGuardUITests.xctest */,
			);
			name = Products;
			sourceTree = "<group>";
		};
/* End PBXGroup section */

/* Begin PBXNativeTarget section */
		D9BADB2C2CDCE6F800A57A27 /* ScreenGuard */ = {
			isa = PBXNativeTarget;
			buildConfigurationList = D9BADB5B2CDCE6FA00A57A27 /* Build configuration list for PBXNativeTarget "ScreenGuard" */;
			buildPhases = (
				D9BADB292CDCE6F800A57A27 /* Sources */,
				D9BADB2A2CDCE6F800A57A27 /* Frameworks */,
				D9BADB2B2CDCE6F800A57A27 /* Resources */,
			);
			buildRules = (
			);
			dependencies = (
			);
			fileSystemSynchronizedGroups = (
				D9BADB2F2CDCE6F800A57A27 /* ScreenGuard */,
			);
			name = ScreenGuard;
			packageProductDependencies = (
			);
			productName = ScreenGuard;
			productReference = D9BADB2D2CDCE6F800A57A27 /* ScreenGuard.app */;
			productType = "com.apple.product-type.application";
		};
		D9BADB472CDCE6FA00A57A27 /* ScreenGuardTests */ = {
			isa = PBXNativeTarget;
			buildConfigurationList = D9BADB602CDCE6FA00A57A27 /* Build configuration list for PBXNativeTarget "ScreenGuardTests" */;
			buildPhases = (
				D9BADB442CDCE6FA00A57A27 /* Sources */,
				D9BADB452CDCE6FA00A57A27 /* Frameworks */,
				D9BADB462CDCE6FA00A57A27 /* Resources */,
			);
			buildRules = (
			);
			dependencies = (
				D9BADB4A2CDCE6FA00A57A27 /* PBXTargetDependency */,
			);
			fileSystemSynchronizedGroups = (
				D9BADB4B2CDCE6FA00A57A27 /* ScreenGuardTests */,
			);
			name = ScreenGuardTests;
			packageProductDependencies = (
			);
			productName = ScreenGuardTests;
			productReference = D9BADB482CDCE6FA00A57A27 /* ScreenGuardTests.xctest */;
			productType = "com.apple.product-type.bundle.unit-test";
		};
		D9BADB512CDCE6FA00A57A27 /* ScreenGuardUITests */ = {
			isa = PBXNativeTarget;
			buildConfigurationList = D9BADB632CDCE6FA00A57A27 /* Build configuration list for PBXNativeTarget "ScreenGuardUITests" */;
			buildPhases = (
				D9BADB4E2CDCE6FA00A57A27 /* Sources */,
				D9BADB4F2CDCE6FA00A57A27 /* Frameworks */,
				D9BADB502CDCE6FA00A57A27 /* Resources */,
			);
			buildRules = (
			);
			dependencies = (
				D9BADB542CDCE6FA00A57A27 /* PBXTargetDependency */,
			);
			fileSystemSynchronizedGroups = (
				D9BADB552CDCE6FA00A57A27 /* ScreenGuardUITests */,
			);
			name = ScreenGuardUITests;
			packageProductDependencies = (
			);
			productName = ScreenGuardUITests;
			productReference = D9BADB522CDCE6FA00A57A27 /* ScreenGuardUITests.xctest */;
			productType = "com.apple.product-type.bundle.ui-testing";
		};
/* End PBXNativeTarget section */

/* Begin PBXProject section */
		D9BADB252CDCE6F800A57A27 /* Project object */ = {
			isa = PBXProject;
			attributes = {
				BuildIndependentTargetsInParallel = 1;
				KnownAssetTags = (
					100,
				);
				LastUpgradeCheck = 1610;
				TargetAttributes = {
					D9BADB2C2CDCE6F800A57A27 = {
						CreatedOnToolsVersion = 16.1;
					};
					D9BADB472CDCE6FA00A57A27 = {
						CreatedOnToolsVersion = 16.1;
						TestTargetID = D9BADB2C2CDCE6F800A57A27;
					};
					D9BADB512CDCE6FA00A57A27 = {
						CreatedOnToolsVersion = 16.1;
						TestTargetID = D9BADB2C2CDCE6F800A57A27;
					};
				};
			};
			buildConfigurationList = D9BADB282CDCE6F800A57A27 /* Build configuration list for PBXProject "ScreenGuard" */;
			developmentRegion = en;
			hasScannedForEncodings = 0;
			knownRegions = (
				en,
				Base,
			);
			mainGroup = D9BADB242CDCE6F800A57A27;
			minimizedProjectReferenceProxies = 1;
			preferredProjectObjectVersion = 77;
			productRefGroup = D9BADB2E2CDCE6F800A57A27 /* Products */;
			projectDirPath = "";
			projectRoot = "";
			targets = (
				D9BADB2C2CDCE6F800A57A27 /* ScreenGuard */,
				D9BADB472CDCE6FA00A57A27 /* ScreenGuardTests */,
				D9BADB512CDCE6FA00A57A27 /* ScreenGuardUITests */,
			);
		};
/* End PBXProject section */

/* Begin PBXResourcesBuildPhase section */
		D9BADB2B2CDCE6F800A57A27 /* Resources */ = {
			isa = PBXResourcesBuildPhase;
			buildActionMask = 2147483647;
			files = (
			);
			runOnlyForDeploymentPostprocessing = 0;
		};
		D9BADB462CDCE6FA00A57A27 /* Resources */ = {
			isa = PBXResourcesBuildPhase;
			buildActionMask = 2147483647;
			files = (
			);
			runOnlyForDeploymentPostprocessing = 0;
		};
		D9BADB502CDCE6FA00A57A27 /* Resources */ = {
			isa = PBXResourcesBuildPhase;
			buildActionMask = 2147483647;
			files = (
			);
			runOnlyForDeploymentPostprocessing = 0;
		};
/* End PBXResourcesBuildPhase section */

/* Begin PBXSourcesBuildPhase section */
		D9BADB292CDCE6F800A57A27 /* Sources */ = {
			isa = PBXSourcesBuildPhase;
			buildActionMask = 2147483647;
			files = (
			);
			runOnlyForDeploymentPostprocessing = 0;
		};
		D9BADB442CDCE6FA00A57A27 /* Sources */ = {
			isa = PBXSourcesBuildPhase;
			buildActionMask = 2147483647;
			files = (
			);
			runOnlyForDeploymentPostprocessing = 0;
		};
		D9BADB4E2CDCE6FA00A57A27 /* Sources */ = {
			isa = PBXSourcesBuildPhase;
			buildActionMask = 2147483647;
			files = (
			);
			runOnlyForDeploymentPostprocessing = 0;
		};
/* End PBXSourcesBuildPhase section */

/* Begin PBXTargetDependency section */
		D9BADB4A2CDCE6FA00A57A27 /* PBXTargetDependency */ = {
			isa = PBXTargetDependency;
			target = D9BADB2C2CDCE6F800A57A27 /* ScreenGuard */;
			targetProxy = D9BADB492CDCE6FA00A57A27 /* PBXContainerItemProxy */;
		};
		D9BADB542CDCE6FA00A57A27 /* PBXTargetDependency */ = {
			isa = PBXTargetDependency;
			target = D9BADB2C2CDCE6F800A57A27 /* ScreenGuard */;
			targetProxy = D9BADB532CDCE6FA00A57A27 /* PBXContainerItemProxy */;
		};
/* End PBXTargetDependency section */

/* Begin XCBuildConfiguration section */
		D9BADB5C2CDCE6FA00A57A27 /* Debug */ = {
			isa = XCBuildConfiguration;
			buildSettings = {
				ASSETCATALOG_COMPILER_APPICON_NAME = AppIcon;
				ASSETCATALOG_COMPILER_GLOBAL_ACCENT_COLOR_NAME = AccentColor;
				CODE_SIGN_IDENTITY = "Apple Development";
				CODE_SIGN_STYLE = Automatic;
				CURRENT_PROJECT_VERSION = 1;
				DEVELOPMENT_TEAM = U289WPY3VE;
				GENERATE_INFOPLIST_FILE = YES;
				INFOPLIST_FILE = ScreenGuard/Info.plist;
				INFOPLIST_KEY_UIApplicationSupportsIndirectInputEvents = YES;
				INFOPLIST_KEY_UILaunchStoryboardName = LaunchScreen;
				INFOPLIST_KEY_UIMainStoryboardFile = Main;
				INFOPLIST_KEY_UISupportedInterfaceOrientations_iPad = "UIInterfaceOrientationPortrait UIInterfaceOrientationPortraitUpsideDown UIInterfaceOrientationLandscapeLeft UIInterfaceOrientationLandscapeRight";
				INFOPLIST_KEY_UISupportedInterfaceOrientations_iPhone = "UIInterfaceOrientationPortrait UIInterfaceOrientationLandscapeLeft UIInterfaceOrientationLandscapeRight";
				IPHONEOS_DEPLOYMENT_TARGET = 15.6;
				LD_RUNPATH_SEARCH_PATHS = (
					"$(inherited)",
					"@executable_path/Frameworks",
				);
				MARKETING_VERSION = 1.0;
				PRODUCT_BUNDLE_IDENTIFIER = lib.ScreenGuard;
				PRODUCT_NAME = "$(TARGET_NAME)";
				PROVISIONING_PROFILE_SPECIFIER = "";
				SWIFT_EMIT_LOC_STRINGS = YES;
				TARGETED_DEVICE_FAMILY = "1,2";
			};
			name = Debug;
		};
		D9BADB5D2CDCE6FA00A57A27 /* Release */ = {
			isa = XCBuildConfiguration;
			buildSettings = {
				ASSETCATALOG_COMPILER_APPICON_NAME = AppIcon;
				ASSETCATALOG_COMPILER_GLOBAL_ACCENT_COLOR_NAME = AccentColor;
				CODE_SIGN_IDENTITY = "Apple Development";
				CODE_SIGN_STYLE = Automatic;
				CURRENT_PROJECT_VERSION = 1;
				DEVELOPMENT_TEAM = U289WPY3VE;
				GENERATE_INFOPLIST_FILE = YES;
				INFOPLIST_FILE = ScreenGuard/Info.plist;
				INFOPLIST_KEY_UIApplicationSupportsIndirectInputEvents = YES;
				INFOPLIST_KEY_UILaunchStoryboardName = LaunchScreen;
				INFOPLIST_KEY_UIMainStoryboardFile = Main;
				INFOPLIST_KEY_UISupportedInterfaceOrientations_iPad = "UIInterfaceOrientationPortrait UIInterfaceOrientationPortraitUpsideDown UIInterfaceOrientationLandscapeLeft UIInterfaceOrientationLandscapeRight";
				INFOPLIST_KEY_UISupportedInterfaceOrientations_iPhone = "UIInterfaceOrientationPortrait UIInterfaceOrientationLandscapeLeft UIInterfaceOrientationLandscapeRight";
				IPHONEOS_DEPLOYMENT_TARGET = 15.6;
				LD_RUNPATH_SEARCH_PATHS = (
					"$(inherited)",
					"@executable_path/Frameworks",
				);
				MARKETING_VERSION = 1.0;
				PRODUCT_BUNDLE_IDENTIFIER = lib.ScreenGuard;
				PRODUCT_NAME = "$(TARGET_NAME)";
				PROVISIONING_PROFILE_SPECIFIER = "";
				SWIFT_EMIT_LOC_STRINGS = YES;
				TARGETED_DEVICE_FAMILY = "1,2";
			};
			name = Release;
		};
		D9BADB5E2CDCE6FA00A57A27 /* Debug */ = {
			isa = XCBuildConfiguration;
			buildSettings = {
				ALWAYS_SEARCH_USER_PATHS = NO;
				ASSETCATALOG_COMPILER_GENERATE_SWIFT_ASSET_SYMBOL_EXTENSIONS = YES;
				CLANG_ANALYZER_NONNULL = YES;
				CLANG_ANALYZER_NUMBER_OBJECT_CONVERSION = YES_AGGRESSIVE;
				CLANG_CXX_LANGUAGE_STANDARD = "gnu++20";
				CLANG_ENABLE_MODULES = YES;
				CLANG_ENABLE_OBJC_ARC = YES;
				CLANG_ENABLE_OBJC_WEAK = YES;
				CLANG_WARN_BLOCK_CAPTURE_AUTORELEASING = YES;
				CLANG_WARN_BOOL_CONVERSION = YES;
				CLANG_WARN_COMMA = YES;
				CLANG_WARN_CONSTANT_CONVERSION = YES;
				CLANG_WARN_DEPRECATED_OBJC_IMPLEMENTATIONS = YES;
				CLANG_WARN_DIRECT_OBJC_ISA_USAGE = YES_ERROR;
				CLANG_WARN_DOCUMENTATION_COMMENTS = YES;
				CLANG_WARN_EMPTY_BODY = YES;
				CLANG_WARN_ENUM_CONVERSION = YES;
				CLANG_WARN_INFINITE_RECURSION = YES;
				CLANG_WARN_INT_CONVERSION = YES;
				CLANG_WARN_NON_LITERAL_NULL_CONVERSION = YES;
				CLANG_WARN_OBJC_IMPLICIT_RETAIN_SELF = YES;
				CLANG_WARN_OBJC_LITERAL_CONVERSION = YES;
				CLANG_WARN_OBJC_ROOT_CLASS = YES_ERROR;
				CLANG_WARN_QUOTED_INCLUDE_IN_FRAMEWORK_HEADER = YES;
				CLANG_WARN_RANGE_LOOP_ANALYSIS = YES;
				CLANG_WARN_STRICT_PROTOTYPES = YES;
				CLANG_WARN_SUSPICIOUS_MOVE = YES;
				CLANG_WARN_UNGUARDED_AVAILABILITY = YES_AGGRESSIVE;
				CLANG_WARN_UNREACHABLE_CODE = YES;
				CLANG_WARN__DUPLICATE_METHOD_MATCH = YES;
				COPY_PHASE_STRIP = NO;
				DEBUG_INFORMATION_FORMAT = dwarf;
				ENABLE_STRICT_OBJC_MSGSEND = YES;
				ENABLE_TESTABILITY = YES;
				ENABLE_USER_SCRIPT_SANDBOXING = YES;
				GCC_C_LANGUAGE_STANDARD = gnu17;
				GCC_DYNAMIC_NO_PIC = NO;
				GCC_NO_COMMON_BLOCKS = YES;
				GCC_OPTIMIZATION_LEVEL = 0;
				GCC_PREPROCESSOR_DEFINITIONS = (
					"DEBUG=1",
					"$(inherited)",
				);
				GCC_WARN_64_TO_32_BIT_CONVERSION = YES;
				GCC_WARN_ABOUT_RETURN_TYPE = YES_ERROR;
				GCC_WARN_UNDECLARED_SELECTOR = YES;
				GCC_WARN_UNINITIALIZED_AUTOS = YES_AGGRESSIVE;
				GCC_WARN_UNUSED_FUNCTION = YES;
				GCC_WARN_UNUSED_VARIABLE = YES;
				IPHONEOS_DEPLOYMENT_TARGET = 18.1;
				LOCALIZATION_PREFERS_STRING_CATALOGS = YES;
				MTL_ENABLE_DEBUG_INFO = INCLUDE_SOURCE;
				MTL_FAST_MATH = YES;
				ONLY_ACTIVE_ARCH = YES;
				SDKROOT = iphoneos;
			};
			name = Debug;
		};
		D9BADB5F2CDCE6FA00A57A27 /* Release */ = {
			isa = XCBuildConfiguration;
			buildSettings = {
				ALWAYS_SEARCH_USER_PATHS = NO;
				ASSETCATALOG_COMPILER_GENERATE_SWIFT_ASSET_SYMBOL_EXTENSIONS = YES;
				CLANG_ANALYZER_NONNULL = YES;
				CLANG_ANALYZER_NUMBER_OBJECT_CONVERSION = YES_AGGRESSIVE;
				CLANG_CXX_LANGUAGE_STANDARD = "gnu++20";
				CLANG_ENABLE_MODULES = YES;
				CLANG_ENABLE_OBJC_ARC = YES;
				CLANG_ENABLE_OBJC_WEAK = YES;
				CLANG_WARN_BLOCK_CAPTURE_AUTORELEASING = YES;
				CLANG_WARN_BOOL_CONVERSION = YES;
				CLANG_WARN_COMMA = YES;
				CLANG_WARN_CONSTANT_CONVERSION = YES;
				CLANG_WARN_DEPRECATED_OBJC_IMPLEMENTATIONS = YES;
				CLANG_WARN_DIRECT_OBJC_ISA_USAGE = YES_ERROR;
				CLANG_WARN_DOCUMENTATION_COMMENTS = YES;
				CLANG_WARN_EMPTY_BODY = YES;
				CLANG_WARN_ENUM_CONVERSION = YES;
				CLANG_WARN_INFINITE_RECURSION = YES;
				CLANG_WARN_INT_CONVERSION = YES;
				CLANG_WARN_NON_LITERAL_NULL_CONVERSION = YES;
				CLANG_WARN_OBJC_IMPLICIT_RETAIN_SELF = YES;
				CLANG_WARN_OBJC_LITERAL_CONVERSION = YES;
				CLANG_WARN_OBJC_ROOT_CLASS = YES_ERROR;
				CLANG_WARN_QUOTED_INCLUDE_IN_FRAMEWORK_HEADER = YES;
				CLANG_WARN_RANGE_LOOP_ANALYSIS = YES;
				CLANG_WARN_STRICT_PROTOTYPES = YES;
				CLANG_WARN_SUSPICIOUS_MOVE = YES;
				CLANG_WARN_UNGUARDED_AVAILABILITY = YES_AGGRESSIVE;
				CLANG_WARN_UNREACHABLE_CODE = YES;
				CLANG_WARN__DUPLICATE_METHOD_MATCH = YES;
				COPY_PHASE_STRIP = NO;
				DEBUG_INFORMATION_FORMAT = "dwarf-with-dsym";
				ENABLE_NS_ASSERTIONS = NO;
				ENABLE_STRICT_OBJC_MSGSEND = YES;
				ENABLE_USER_SCRIPT_SANDBOXING = YES;
				GCC_C_LANGUAGE_STANDARD = gnu17;
				GCC_NO_COMMON_BLOCKS = YES;
				GCC_WARN_64_TO_32_BIT_CONVERSION = YES;
				GCC_WARN_ABOUT_RETURN_TYPE = YES_ERROR;
				GCC_WARN_UNDECLARED_SELECTOR = YES;
				GCC_WARN_UNINITIALIZED_AUTOS = YES_AGGRESSIVE;
				GCC_WARN_UNUSED_FUNCTION = YES;
				GCC_WARN_UNUSED_VARIABLE = YES;
				IPHONEOS_DEPLOYMENT_TARGET = 18.1;
				LOCALIZATION_PREFERS_STRING_CATALOGS = YES;
				MTL_ENABLE_DEBUG_INFO = NO;
				MTL_FAST_MATH = YES;
				SDKROOT = iphoneos;
				VALIDATE_PRODUCT = YES;
			};
			name = Release;
		};
		D9BADB612CDCE6FA00A57A27 /* Debug */ = {
			isa = XCBuildConfiguration;
			buildSettings = {
				BUNDLE_LOADER = "$(TEST_HOST)";
				CODE_SIGN_STYLE = Automatic;
				CURRENT_PROJECT_VERSION = 1;
				DEVELOPMENT_TEAM = 273233KDNS;
				GENERATE_INFOPLIST_FILE = YES;
				IPHONEOS_DEPLOYMENT_TARGET = 18.1;
				MARKETING_VERSION = 1.0;
				PRODUCT_BUNDLE_IDENTIFIER = zeroxsolutions.lib.ScreenGuardTests;
				PRODUCT_NAME = "$(TARGET_NAME)";
				SWIFT_EMIT_LOC_STRINGS = NO;
				TARGETED_DEVICE_FAMILY = "1,2";
				TEST_HOST = "$(BUILT_PRODUCTS_DIR)/ScreenGuard.app/$(BUNDLE_EXECUTABLE_FOLDER_PATH)/ScreenGuard";
			};
			name = Debug;
		};
		D9BADB622CDCE6FA00A57A27 /* Release */ = {
			isa = XCBuildConfiguration;
			buildSettings = {
				BUNDLE_LOADER = "$(TEST_HOST)";
				CODE_SIGN_STYLE = Automatic;
				CURRENT_PROJECT_VERSION = 1;
				DEVELOPMENT_TEAM = 273233KDNS;
				GENERATE_INFOPLIST_FILE = YES;
				IPHONEOS_DEPLOYMENT_TARGET = 18.1;
				MARKETING_VERSION = 1.0;
				PRODUCT_BUNDLE_IDENTIFIER = zeroxsolutions.lib.ScreenGuardTests;
				PRODUCT_NAME = "$(TARGET_NAME)";
				SWIFT_EMIT_LOC_STRINGS = NO;
				TARGETED_DEVICE_FAMILY = "1,2";
				TEST_HOST = "$(BUILT_PRODUCTS_DIR)/ScreenGuard.app/$(BUNDLE_EXECUTABLE_FOLDER_PATH)/ScreenGuard";
			};
			name = Release;
		};
		D9BADB642CDCE6FA00A57A27 /* Debug */ = {
			isa = XCBuildConfiguration;
			buildSettings = {
				CODE_SIGN_STYLE = Automatic;
				CURRENT_PROJECT_VERSION = 1;
				DEVELOPMENT_TEAM = 273233KDNS;
				GENERATE_INFOPLIST_FILE = YES;
				MARKETING_VERSION = 1.0;
				PRODUCT_BUNDLE_IDENTIFIER = zeroxsolutions.lib.ScreenGuardUITests;
				PRODUCT_NAME = "$(TARGET_NAME)";
				SWIFT_EMIT_LOC_STRINGS = NO;
				TARGETED_DEVICE_FAMILY = "1,2";
				TEST_TARGET_NAME = ScreenGuard;
			};
			name = Debug;
		};
		D9BADB652CDCE6FA00A57A27 /* Release */ = {
			isa = XCBuildConfiguration;
			buildSettings = {
				CODE_SIGN_STYLE = Automatic;
				CURRENT_PROJECT_VERSION = 1;
				DEVELOPMENT_TEAM = 273233KDNS;
				GENERATE_INFOPLIST_FILE = YES;
				MARKETING_VERSION = 1.0;
				PRODUCT_BUNDLE_IDENTIFIER = zeroxsolutions.lib.ScreenGuardUITests;
				PRODUCT_NAME = "$(TARGET_NAME)";
				SWIFT_EMIT_LOC_STRINGS = NO;
				TARGETED_DEVICE_FAMILY = "1,2";
				TEST_TARGET_NAME = ScreenGuard;
			};
			name = Release;
		};
/* End XCBuildConfiguration section */

/* Begin XCConfigurationList section */
		D9BADB282CDCE6F800A57A27 /* Build configuration list for PBXProject "ScreenGuard" */ = {
			isa = XCConfigurationList;
			buildConfigurations = (
				D9BADB5E2CDCE6FA00A57A27 /* Debug */,
				D9BADB5F2CDCE6FA00A57A27 /* Release */,
			);
			defaultConfigurationIsVisible = 0;
			defaultConfigurationName = Release;
		};
		D9BADB5B2CDCE6FA00A57A27 /* Build configuration list for PBXNativeTarget "ScreenGuard" */ = {
			isa = XCConfigurationList;
			buildConfigurations = (
				D9BADB5C2CDCE6FA00A57A27 /* Debug */,
				D9BADB5D2CDCE6FA00A57A27 /* Release */,
			);
			defaultConfigurationIsVisible = 0;
			defaultConfigurationName = Release;
		};
		D9BADB602CDCE6FA00A57A27 /* Build configuration list for PBXNativeTarget "ScreenGuardTests" */ = {
			isa = XCConfigurationList;
			buildConfigurations = (
				D9BADB612CDCE6FA00A57A27 /* Debug */,
				D9BADB622CDCE6FA00A57A27 /* Release */,
			);
			defaultConfigurationIsVisible = 0;
			defaultConfigurationName = Release;
		};
		D9BADB632CDCE6FA00A57A27 /* Build configuration list for PBXNativeTarget "ScreenGuardUITests" */ = {
			isa = XCConfigurationList;
			buildConfigurations = (
				D9BADB642CDCE6FA00A57A27 /* Debug */,
				D9BADB652CDCE6FA00A57A27 /* Release */,
			);
			defaultConfigurationIsVisible = 0;
			defaultConfigurationName = Release;
		};
/* End XCConfigurationList section */
	};
	rootObject = D9BADB252CDCE6F800A57A27 /* Project object */;
}
